
Microsoft Visual Studio Solution File, Format Version 12.00
# Visual Studio Version 17
VisualStudioVersion = 17.8.34601.278
MinimumVisualStudioVersion = 10.0.40219.1
Project("{9A19103F-16F7-4668-BE54-9A1E7A4F7556}") = "gui", "gui\gui.csproj", "{19DA624A-CDE0-425E-8879-0A49053A1486}"
EndProject
Project("{9A19103F-16F7-4668-BE54-9A1E7A4F7556}") = "game-server", "game-server\game-server.csproj", "{9A6646E9-9B5E-4F9D-B432-E81D15CAC0BC}"
EndProject
Project("{9A19103F-16F7-4668-BE54-9A1E7A4F7556}") = "common", "common\common.csproj", "{5650D2AB-64FE-4E1F-8BBD-459E524D7541}"
EndProject
Project("{9A19103F-16F7-4668-BE54-9A1E7A4F7556}") = "app-server", "app-server\app-server.csproj", "{63F7DC85-6187-4F66-AC57-57CEFA067FC4}"
EndProject
Project("{FAE04EC0-301F-11D3-BF4B-00C04F79EFBC}") = "WebServer", "web-server\WebServer.csproj", "{75282F04-356F-4838-941F-39D6A78D9053}"
EndProject
Project("{FAE04EC0-301F-11D3-BF4B-00C04F79EFBC}") = "Shared", "Shared\Shared.csproj", "{3260F0B6-0756-429E-93F1-C729E045BAEB}"
EndProject
Global
	GlobalSection(SolutionConfigurationPlatforms) = preSolution
		Debug|Any CPU = Debug|Any CPU
		Release|Any CPU = Release|Any CPU
	EndGlobalSection
	GlobalSection(ProjectConfigurationPlatforms) = postSolution
		{19DA624A-CDE0-425E-8879-0A49053A1486}.Debug|Any CPU.ActiveCfg = Debug|Any CPU
		{19DA624A-CDE0-425E-8879-0A49053A1486}.Debug|Any CPU.Build.0 = Debug|Any CPU
		{19DA624A-CDE0-425E-8879-0A49053A1486}.Release|Any CPU.ActiveCfg = Release|Any CPU
		{19DA624A-CDE0-425E-8879-0A49053A1486}.Release|Any CPU.Build.0 = Release|Any CPU
		{9A6646E9-9B5E-4F9D-B432-E81D15CAC0BC}.Debug|Any CPU.ActiveCfg = Debug|Any CPU
		{9A6646E9-9B5E-4F9D-B432-E81D15CAC0BC}.Debug|Any CPU.Build.0 = Debug|Any CPU
		{9A6646E9-9B5E-4F9D-B432-E81D15CAC0BC}.Release|Any CPU.ActiveCfg = Release|Any CPU
		{9A6646E9-9B5E-4F9D-B432-E81D15CAC0BC}.Release|Any CPU.Build.0 = Release|Any CPU
		{5650D2AB-64FE-4E1F-8BBD-459E524D7541}.Debug|Any CPU.ActiveCfg = Debug|Any CPU
		{5650D2AB-64FE-4E1F-8BBD-459E524D7541}.Debug|Any CPU.Build.0 = Debug|Any CPU
		{5650D2AB-64FE-4E1F-8BBD-459E524D7541}.Release|Any CPU.ActiveCfg = Release|Any CPU
		{5650D2AB-64FE-4E1F-8BBD-459E524D7541}.Release|Any CPU.Build.0 = Release|Any CPU
		{63F7DC85-6187-4F66-AC57-57CEFA067FC4}.Debug|Any CPU.ActiveCfg = Debug|Any CPU
		{63F7DC85-6187-4F66-AC57-57CEFA067FC4}.Debug|Any CPU.Build.0 = Debug|Any CPU
		{63F7DC85-6187-4F66-AC57-57CEFA067FC4}.Release|Any CPU.ActiveCfg = Release|Any CPU
		{63F7DC85-6187-4F66-AC57-57CEFA067FC4}.Release|Any CPU.Build.0 = Release|Any CPU
		{75282F04-356F-4838-941F-39D6A78D9053}.Debug|Any CPU.ActiveCfg = Debug|Any CPU
		{75282F04-356F-4838-941F-39D6A78D9053}.Debug|Any CPU.Build.0 = Debug|Any CPU
		{75282F04-356F-4838-941F-39D6A78D9053}.Release|Any CPU.ActiveCfg = Release|Any CPU
		{75282F04-356F-4838-941F-39D6A78D9053}.Release|Any CPU.Build.0 = Release|Any CPU
		{3260F0B6-0756-429E-93F1-C729E045BAEB}.Debug|Any CPU.ActiveCfg = Debug|Any CPU
		{3260F0B6-0756-429E-93F1-C729E045BAEB}.Debug|Any CPU.Build.0 = Debug|Any CPU
		{3260F0B6-0756-429E-93F1-C729E045BAEB}.Release|Any CPU.ActiveCfg = Release|Any CPU
		{3260F0B6-0756-429E-93F1-C729E045BAEB}.Release|Any CPU.Build.0 = Release|Any CPU
	EndGlobalSection
	GlobalSection(SolutionProperties) = preSolution
		HideSolutionNode = FALSE
	EndGlobalSection
	GlobalSection(ExtensibilityGlobals) = postSolution
		SolutionGuid = {53A713C8-C70E-42EF-86A8-BE3F51526AD0}
	EndGlobalSection
EndGlobal
